
Microsoft Visual Studio Solution File, Format Version 12.00
# Visual Studio Version 17
VisualStudioVersion = 17.3.32929.385
MinimumVisualStudioVersion = 10.0.40219.1
Project("{9A19103F-16F7-4668-BE54-9A1E7A4F7556}") = "CopyMongo", "copymongo\CopyMongo.csproj", "{7DBDC9B0-22FD-4887-875E-0BAF3FE72255}"
EndProject
Global
	GlobalSection(SolutionConfigurationPlatforms) = preSolution
		Debug|Any CPU = Debug|Any CPU
		Release|Any CPU = Release|Any CPU
	EndGlobalSection
	GlobalSection(ProjectConfigurationPlatforms) = postSolution
		{7DBDC9B0-22FD-4887-875E-0BAF3FE72255}.Debug|Any CPU.ActiveCfg = Debug|Any CPU
		{7DBDC9B0-22FD-4887-875E-0BAF3FE72255}.Debug|Any CPU.Build.0 = Debug|Any CPU
		{7DBDC9B0-22FD-4887-875E-0BAF3FE72255}.Release|Any CPU.ActiveCfg = Release|Any CPU
		{7DBDC9B0-22FD-4887-875E-0BAF3FE72255}.Release|Any CPU.Build.0 = Release|Any CPU
	EndGlobalSection
	GlobalSection(SolutionProperties) = preSolution
		HideSolutionNode = FALSE
	EndGlobalSection
	GlobalSection(ExtensibilityGlobals) = postSolution
		SolutionGuid = {5F36FB42-03DB-454E-890F-4FA34CEE3218}
	EndGlobalSection
EndGlobal
